{
  "name": "cs4220-final",
  "version": "1.0.0",
  "lockfileVersion": 2,
  "requires": true,
  "packages": {
    "": {
      "name": "cs4220-final",
      "version": "1.0.0",
      "license": "ISC",
      "dependencies": {
        "cs4220-final": "file:../cs4220-final"
      }
    },
    "../cs4220-final": {
      "version": "1.0.0",
      "license": "ISC"
    },
    "node_modules/cs4220-final": {
      "resolved": "../cs4220-final",
      "link": true
    }
  },
  "dependencies": {
    "cs4220-final": {
      "version": "file:../cs4220-final"
    }
  }
}
